github.com/Masterminds/semver/v3 v3.2.1 h1:RN9w6+7QoMeJVGyfmbcgs28Br8cvmnucEXnY0rYXWg0=
github.com/Masterminds/semver/v3 v3.2.1/go.mod h1:qvl/7zhW3nngYb5+80sSMF+FG2BjYrf8m9wsX0PNOMQ=
github.com/aws/constructs-go/constructs/v10 v10.2.65 h1:WCVwfXARhAMJtwEmCJt3ppdSPIchnnRqHtV19k9h/pA=
github.com/aws/constructs-go/constructs/v10 v10.2.65/go.mod h1:5WfHPfZkNfuz2sOaSNZPhtKr2bofB0M3/0i8ty3xuW8=
github.com/aws/jsii-runtime-go v1.84.0 h1:ZvOKkGKQBZC8qrlM3qi2hXnbnqI64o3WtVw5ZVd/q9s=
github.com/aws/jsii-runtime-go v1.84.0/go.mod h1:sZ4/oNiaZBQFkzGWZYvqo/85M0EitkFa8SEEEMECt4w=
github.com/hashicorp/terraform-cdk-go/cdktf v0.17.1 h1:7Tb3LRKV70BbZ5KFa6EXGqZpOY0og+Z0tDqQ40Jis+s=
github.com/hashicorp/terraform-cdk-go/cdktf v0.17.1/go.mod h1:exxuKwmY9xCWcBjkjgUtm2HNtyoSmZKHxWamp0db2W8=
